// !$*UTF8*$!
{
	archiveVersion = 1;
	classes = {
	};
	objectVersion = 46;
	objects = {

/* Begin PBXBuildFile section */
		54338DF51B1AF2CA009EAE17 /* reader3.png in Resources */ = {isa = PBXBuildFile; fileRef = 54338DF41B1AF2CA009EAE17 /* reader3.png */; };
		54338DF71B1AF449009EAE17 /* library1.png in Resources */ = {isa = PBXBuildFile; fileRef = 54338DF61B1AF449009EAE17 /* library1.png */; };
		54338DFB1B1AF4C5009EAE17 /* notification1.png in Resources */ = {isa = PBXBuildFile; fileRef = 54338DFA1B1AF4C5009EAE17 /* notification1.png */; };
		54338DFF1B1AF6B6009EAE17 /* about2.png in Resources */ = {isa = PBXBuildFile; fileRef = 54338DFE1B1AF6B6009EAE17 /* about2.png */; };
		54338E011B1B18DE009EAE17 /* settings20.png in Resources */ = {isa = PBXBuildFile; fileRef = 54338E001B1B18DE009EAE17 /* settings20.png */; };
		54338E041B1B3D81009EAE17 /* ReaderPresenter.swift in Sources */ = {isa = PBXBuildFile; fileRef = 54338E031B1B3D81009EAE17 /* ReaderPresenter.swift */; };
		54338E171B1B736C009EAE17 /* Oswald-Light.ttf in Resources */ = {isa = PBXBuildFile; fileRef = 54338E111B1B736C009EAE17 /* Oswald-Light.ttf */; };
		54338E1A1B1B736C009EAE17 /* Oxygen-Light.ttf in Resources */ = {isa = PBXBuildFile; fileRef = 54338E141B1B736C009EAE17 /* Oxygen-Light.ttf */; };
		54338E291B1B73E3009EAE17 /* Merriweather-Light.ttf in Resources */ = {isa = PBXBuildFile; fileRef = 54338E211B1B73E3009EAE17 /* Merriweather-Light.ttf */; };
		54338E311B1B73F7009EAE17 /* RobotoSlab-Light.ttf in Resources */ = {isa = PBXBuildFile; fileRef = 54338E2D1B1B73F7009EAE17 /* RobotoSlab-Light.ttf */; };
		54338E361B1B75D4009EAE17 /* fonts.plist in Resources */ = {isa = PBXBuildFile; fileRef = 54338E351B1B75D4009EAE17 /* fonts.plist */; };
		54338E381B1B79D3009EAE17 /* Reader Specifications in Resources */ = {isa = PBXBuildFile; fileRef = 54338E371B1B79D3009EAE17 /* Reader Specifications */; };
		54338E3A1B1B7B3D009EAE17 /* ReaderInteractor.swift in Sources */ = {isa = PBXBuildFile; fileRef = 54338E391B1B7B3D009EAE17 /* ReaderInteractor.swift */; };
		54338E3C1B1B7B4C009EAE17 /* DataManager.swift in Sources */ = {isa = PBXBuildFile; fileRef = 54338E3B1B1B7B4C009EAE17 /* DataManager.swift */; };
		54338E3F1B1C1FA1009EAE17 /* ReminderView.swift in Sources */ = {isa = PBXBuildFile; fileRef = 54338E3E1B1C1FA1009EAE17 /* ReminderView.swift */; };
		54338E6F1B1C849C009EAE17 /* Icon-40.png in Resources */ = {isa = PBXBuildFile; fileRef = 54338E601B1C849C009EAE17 /* Icon-40.png */; };
		54338E701B1C849C009EAE17 /* Icon-40@2x.png in Resources */ = {isa = PBXBuildFile; fileRef = 54338E611B1C849C009EAE17 /* Icon-40@2x.png */; };
		54338E711B1C849C009EAE17 /* Icon-40@3x.png in Resources */ = {isa = PBXBuildFile; fileRef = 54338E621B1C849C009EAE17 /* Icon-40@3x.png */; };
		54338E721B1C849C009EAE17 /* Icon-60@2x.png in Resources */ = {isa = PBXBuildFile; fileRef = 54338E631B1C849C009EAE17 /* Icon-60@2x.png */; };
		54338E731B1C849C009EAE17 /* Icon-60@3x.png in Resources */ = {isa = PBXBuildFile; fileRef = 54338E641B1C849C009EAE17 /* Icon-60@3x.png */; };
		54338E741B1C849C009EAE17 /* Icon-76.png in Resources */ = {isa = PBXBuildFile; fileRef = 54338E651B1C849C009EAE17 /* Icon-76.png */; };
		54338E751B1C849C009EAE17 /* Icon-76@2x.png in Resources */ = {isa = PBXBuildFile; fileRef = 54338E661B1C849C009EAE17 /* Icon-76@2x.png */; };
		54338E761B1C849C009EAE17 /* Icon-Small.png in Resources */ = {isa = PBXBuildFile; fileRef = 54338E671B1C849C009EAE17 /* Icon-Small.png */; };
		54338E771B1C849C009EAE17 /* Icon-Small@2x.png in Resources */ = {isa = PBXBuildFile; fileRef = 54338E681B1C849C009EAE17 /* Icon-Small@2x.png */; };
		54338E781B1C849C009EAE17 /* Icon-Small@3x.png in Resources */ = {isa = PBXBuildFile; fileRef = 54338E691B1C849C009EAE17 /* Icon-Small@3x.png */; };
		54338E791B1C849C009EAE17 /* Icon-60.png in Resources */ = {isa = PBXBuildFile; fileRef = 54338E6A1B1C849C009EAE17 /* Icon-60.png */; };
		54338E7A1B1C849C009EAE17 /* Icon-72.png in Resources */ = {isa = PBXBuildFile; fileRef = 54338E6B1B1C849C009EAE17 /* Icon-72.png */; };
		54338E7B1B1C849C009EAE17 /* Icon-72@2x.png in Resources */ = {isa = PBXBuildFile; fileRef = 54338E6C1B1C849C009EAE17 /* Icon-72@2x.png */; };
		54338E7C1B1C849C009EAE17 /* Icon-Small-50.png in Resources */ = {isa = PBXBuildFile; fileRef = 54338E6D1B1C849C009EAE17 /* Icon-Small-50.png */; };
		54338E7D1B1C849C009EAE17 /* Icon-Small-50@2x.png in Resources */ = {isa = PBXBuildFile; fileRef = 54338E6E1B1C849C009EAE17 /* Icon-Small-50@2x.png */; };
		54338E831B1C8652009EAE17 /* bahareadersplash2.png in Resources */ = {isa = PBXBuildFile; fileRef = 54338E821B1C8652009EAE17 /* bahareadersplash2.png */; };
		54338E851B1E58B4009EAE17 /* closemark.png in Resources */ = {isa = PBXBuildFile; fileRef = 54338E841B1E58B4009EAE17 /* closemark.png */; };
		54338E881B1F21D6009EAE17 /* CloudKit.framework in Frameworks */ = {isa = PBXBuildFile; fileRef = 54338E871B1F21D6009EAE17 /* CloudKit.framework */; };
		54B1DD131B192CEA00BF74E4 /* AppDelegate.swift in Sources */ = {isa = PBXBuildFile; fileRef = 54B1DD121B192CEA00BF74E4 /* AppDelegate.swift */; };
		54B1DD151B192CEA00BF74E4 /* ViewController.swift in Sources */ = {isa = PBXBuildFile; fileRef = 54B1DD141B192CEA00BF74E4 /* ViewController.swift */; };
		54B1DD181B192CEA00BF74E4 /* Main.storyboard in Resources */ = {isa = PBXBuildFile; fileRef = 54B1DD161B192CEA00BF74E4 /* Main.storyboard */; };
		54B1DD1A1B192CEA00BF74E4 /* Images.xcassets in Resources */ = {isa = PBXBuildFile; fileRef = 54B1DD191B192CEA00BF74E4 /* Images.xcassets */; };
		54B1DD1D1B192CEA00BF74E4 /* LaunchScreen.xib in Resources */ = {isa = PBXBuildFile; fileRef = 54B1DD1B1B192CEA00BF74E4 /* LaunchScreen.xib */; };
		54B1DD291B192CEA00BF74E4 /* BahaiReadingsTests.swift in Sources */ = {isa = PBXBuildFile; fileRef = 54B1DD281B192CEA00BF74E4 /* BahaiReadingsTests.swift */; };
		54B1DD331B1A427800BF74E4 /* ReaderView.swift in Sources */ = {isa = PBXBuildFile; fileRef = 54B1DD321B1A427800BF74E4 /* ReaderView.swift */; };
/* End PBXBuildFile section */

/* Begin PBXContainerItemProxy section */
		54B1DD231B192CEA00BF74E4 /* PBXContainerItemProxy */ = {
			isa = PBXContainerItemProxy;
			containerPortal = 54B1DD051B192CE900BF74E4 /* Project object */;
			proxyType = 1;
			remoteGlobalIDString = 54B1DD0C1B192CE900BF74E4;
			remoteInfo = BahaiReadings;
		};
/* End PBXContainerItemProxy section */

/* Begin PBXFileReference section */
		54338DF41B1AF2CA009EAE17 /* reader3.png */ = {isa = PBXFileReference; lastKnownFileType = image.png; path = reader3.png; sourceTree = "<group>"; };
		54338DF61B1AF449009EAE17 /* library1.png */ = {isa = PBXFileReference; lastKnownFileType = image.png; path = library1.png; sourceTree = "<group>"; };
		54338DFA1B1AF4C5009EAE17 /* notification1.png */ = {isa = PBXFileReference; lastKnownFileType = image.png; path = notification1.png; sourceTree = "<group>"; };
		54338DFE1B1AF6B6009EAE17 /* about2.png */ = {isa = PBXFileReference; lastKnownFileType = image.png; path = about2.png; sourceTree = "<group>"; };
		54338E001B1B18DE009EAE17 /* settings20.png */ = {isa = PBXFileReference; lastKnownFileType = image.png; path = settings20.png; sourceTree = "<group>"; };
		54338E031B1B3D81009EAE17 /* ReaderPresenter.swift */ = {isa = PBXFileReference; fileEncoding = 4; lastKnownFileType = sourcecode.swift; path = ReaderPresenter.swift; sourceTree = "<group>"; };
		54338E111B1B736C009EAE17 /* Oswald-Light.ttf */ = {isa = PBXFileReference; lastKnownFileType = file; path = "Oswald-Light.ttf"; sourceTree = "<group>"; };
		54338E141B1B736C009EAE17 /* Oxygen-Light.ttf */ = {isa = PBXFileReference; lastKnownFileType = file; path = "Oxygen-Light.ttf"; sourceTree = "<group>"; };
		54338E211B1B73E3009EAE17 /* Merriweather-Light.ttf */ = {isa = PBXFileReference; lastKnownFileType = file; path = "Merriweather-Light.ttf"; sourceTree = "<group>"; };
		54338E2D1B1B73F7009EAE17 /* RobotoSlab-Light.ttf */ = {isa = PBXFileReference; lastKnownFileType = file; path = "RobotoSlab-Light.ttf"; sourceTree = "<group>"; };
		54338E351B1B75D4009EAE17 /* fonts.plist */ = {isa = PBXFileReference; fileEncoding = 4; lastKnownFileType = text.plist.xml; path = fonts.plist; sourceTree = "<group>"; };
		54338E371B1B79D3009EAE17 /* Reader Specifications */ = {isa = PBXFileReference; fileEncoding = 4; lastKnownFileType = text; path = "Reader Specifications"; sourceTree = "<group>"; };
		54338E391B1B7B3D009EAE17 /* ReaderInteractor.swift */ = {isa = PBXFileReference; fileEncoding = 4; lastKnownFileType = sourcecode.swift; path = ReaderInteractor.swift; sourceTree = "<group>"; };
		54338E3B1B1B7B4C009EAE17 /* DataManager.swift */ = {isa = PBXFileReference; fileEncoding = 4; lastKnownFileType = sourcecode.swift; path = DataManager.swift; sourceTree = "<group>"; };
		54338E3E1B1C1FA1009EAE17 /* ReminderView.swift */ = {isa = PBXFileReference; fileEncoding = 4; lastKnownFileType = sourcecode.swift; path = ReminderView.swift; sourceTree = "<group>"; };
		54338E601B1C849C009EAE17 /* Icon-40.png */ = {isa = PBXFileReference; lastKnownFileType = image.png; path = "Icon-40.png"; sourceTree = "<group>"; };
		54338E611B1C849C009EAE17 /* Icon-40@2x.png */ = {isa = PBXFileReference; lastKnownFileType = image.png; path = "Icon-40@2x.png"; sourceTree = "<group>"; };
		54338E621B1C849C009EAE17 /* Icon-40@3x.png */ = {isa = PBXFileReference; lastKnownFileType = image.png; path = "Icon-40@3x.png"; sourceTree = "<group>"; };
		54338E631B1C849C009EAE17 /* Icon-60@2x.png */ = {isa = PBXFileReference; lastKnownFileType = image.png; path = "Icon-60@2x.png"; sourceTree = "<group>"; };
		54338E641B1C849C009EAE17 /* Icon-60@3x.png */ = {isa = PBXFileReference; lastKnownFileType = image.png; path = "Icon-60@3x.png"; sourceTree = "<group>"; };
		54338E651B1C849C009EAE17 /* Icon-76.png */ = {isa = PBXFileReference; lastKnownFileType = image.png; path = "Icon-76.png"; sourceTree = "<group>"; };
		54338E661B1C849C009EAE17 /* Icon-76@2x.png */ = {isa = PBXFileReference; lastKnownFileType = image.png; path = "Icon-76@2x.png"; sourceTree = "<group>"; };
		54338E671B1C849C009EAE17 /* Icon-Small.png */ = {isa = PBXFileReference; lastKnownFileType = image.png; path = "Icon-Small.png"; sourceTree = "<group>"; };
		54338E681B1C849C009EAE17 /* Icon-Small@2x.png */ = {isa = PBXFileReference; lastKnownFileType = image.png; path = "Icon-Small@2x.png"; sourceTree = "<group>"; };
		54338E691B1C849C009EAE17 /* Icon-Small@3x.png */ = {isa = PBXFileReference; lastKnownFileType = image.png; path = "Icon-Small@3x.png"; sourceTree = "<group>"; };
		54338E6A1B1C849C009EAE17 /* Icon-60.png */ = {isa = PBXFileReference; lastKnownFileType = image.png; path = "Icon-60.png"; sourceTree = "<group>"; };
		54338E6B1B1C849C009EAE17 /* Icon-72.png */ = {isa = PBXFileReference; lastKnownFileType = image.png; path = "Icon-72.png"; sourceTree = "<group>"; };
		54338E6C1B1C849C009EAE17 /* Icon-72@2x.png */ = {isa = PBXFileReference; lastKnownFileType = image.png; path = "Icon-72@2x.png"; sourceTree = "<group>"; };
		54338E6D1B1C849C009EAE17 /* Icon-Small-50.png */ = {isa = PBXFileReference; lastKnownFileType = image.png; path = "Icon-Small-50.png"; sourceTree = "<group>"; };
		54338E6E1B1C849C009EAE17 /* Icon-Small-50@2x.png */ = {isa = PBXFileReference; lastKnownFileType = image.png; path = "Icon-Small-50@2x.png"; sourceTree = "<group>"; };
		54338E821B1C8652009EAE17 /* bahareadersplash2.png */ = {isa = PBXFileReference; lastKnownFileType = image.png; path = bahareadersplash2.png; sourceTree = "<group>"; };
		54338E841B1E58B4009EAE17 /* closemark.png */ = {isa = PBXFileReference; lastKnownFileType = image.png; path = closemark.png; sourceTree = "<group>"; };
		54338E861B1E5AB8009EAE17 /* BahaiReadings.entitlements */ = {isa = PBXFileReference; lastKnownFileType = text.xml; path = BahaiReadings.entitlements; sourceTree = "<group>"; };
		54338E871B1F21D6009EAE17 /* CloudKit.framework */ = {isa = PBXFileReference; lastKnownFileType = wrapper.framework; name = CloudKit.framework; path = System/Library/Frameworks/CloudKit.framework; sourceTree = SDKROOT; };
		54B1DD0D1B192CEA00BF74E4 /* BahaiReadings.app */ = {isa = PBXFileReference; explicitFileType = wrapper.application; includeInIndex = 0; path = BahaiReadings.app; sourceTree = BUILT_PRODUCTS_DIR; };
		54B1DD111B192CEA00BF74E4 /* Info.plist */ = {isa = PBXFileReference; lastKnownFileType = text.plist.xml; path = Info.plist; sourceTree = "<group>"; };
		54B1DD121B192CEA00BF74E4 /* AppDelegate.swift */ = {isa = PBXFileReference; lastKnownFileType = sourcecode.swift; path = AppDelegate.swift; sourceTree = "<group>"; };
		54B1DD141B192CEA00BF74E4 /* ViewController.swift */ = {isa = PBXFileReference; lastKnownFileType = sourcecode.swift; path = ViewController.swift; sourceTree = "<group>"; };
		54B1DD171B192CEA00BF74E4 /* Base */ = {isa = PBXFileReference; lastKnownFileType = file.storyboard; name = Base; path = Base.lproj/Main.storyboard; sourceTree = "<group>"; };
		54B1DD191B192CEA00BF74E4 /* Images.xcassets */ = {isa = PBXFileReference; lastKnownFileType = folder.assetcatalog; path = Images.xcassets; sourceTree = "<group>"; };
		54B1DD1C1B192CEA00BF74E4 /* Base */ = {isa = PBXFileReference; lastKnownFileType = file.xib; name = Base; path = Base.lproj/LaunchScreen.xib; sourceTree = "<group>"; };
		54B1DD221B192CEA00BF74E4 /* BahaiReadingsTests.xctest */ = {isa = PBXFileReference; explicitFileType = wrapper.cfbundle; includeInIndex = 0; path = BahaiReadingsTests.xctest; sourceTree = BUILT_PRODUCTS_DIR; };
		54B1DD271B192CEA00BF74E4 /* Info.plist */ = {isa = PBXFileReference; lastKnownFileType = text.plist.xml; path = Info.plist; sourceTree = "<group>"; };
		54B1DD281B192CEA00BF74E4 /* BahaiReadingsTests.swift */ = {isa = PBXFileReference; lastKnownFileType = sourcecode.swift; path = BahaiReadingsTests.swift; sourceTree = "<group>"; };
		54B1DD321B1A427800BF74E4 /* ReaderView.swift */ = {isa = PBXFileReference; fileEncoding = 4; lastKnownFileType = sourcecode.swift; path = ReaderView.swift; sourceTree = "<group>"; };
/* End PBXFileReference section */

/* Begin PBXFrameworksBuildPhase section */
		54B1DD0A1B192CE900BF74E4 /* Frameworks */ = {
			isa = PBXFrameworksBuildPhase;
			buildActionMask = 2147483647;
			files = (
				54338E881B1F21D6009EAE17 /* CloudKit.framework in Frameworks */,
			);
			runOnlyForDeploymentPostprocessing = 0;
		};
		54B1DD1F1B192CEA00BF74E4 /* Frameworks */ = {
			isa = PBXFrameworksBuildPhase;
			buildActionMask = 2147483647;
			files = (
			);
			runOnlyForDeploymentPostprocessing = 0;
		};
/* End PBXFrameworksBuildPhase section */

/* Begin PBXGroup section */
		54338E021B1B3D68009EAE17 /* Images */ = {
			isa = PBXGroup;
			children = (
				54338E821B1C8652009EAE17 /* bahareadersplash2.png */,
				54338E601B1C849C009EAE17 /* Icon-40.png */,
				54338E611B1C849C009EAE17 /* Icon-40@2x.png */,
				54338E621B1C849C009EAE17 /* Icon-40@3x.png */,
				54338E631B1C849C009EAE17 /* Icon-60@2x.png */,
				54338E641B1C849C009EAE17 /* Icon-60@3x.png */,
				54338E651B1C849C009EAE17 /* Icon-76.png */,
				54338E661B1C849C009EAE17 /* Icon-76@2x.png */,
				54338E671B1C849C009EAE17 /* Icon-Small.png */,
				54338E681B1C849C009EAE17 /* Icon-Small@2x.png */,
				54338E691B1C849C009EAE17 /* Icon-Small@3x.png */,
				54338E6A1B1C849C009EAE17 /* Icon-60.png */,
				54338E6B1B1C849C009EAE17 /* Icon-72.png */,
				54338E6C1B1C849C009EAE17 /* Icon-72@2x.png */,
				54338E6D1B1C849C009EAE17 /* Icon-Small-50.png */,
				54338E6E1B1C849C009EAE17 /* Icon-Small-50@2x.png */,
				54338DF41B1AF2CA009EAE17 /* reader3.png */,
				54338E841B1E58B4009EAE17 /* closemark.png */,
				54338DF61B1AF449009EAE17 /* library1.png */,
				54338E001B1B18DE009EAE17 /* settings20.png */,
				54338DFE1B1AF6B6009EAE17 /* about2.png */,
				54338DFA1B1AF4C5009EAE17 /* notification1.png */,
			);
			name = Images;
			sourceTree = "<group>";
		};
		54338E341B1B7402009EAE17 /* Fonts */ = {
			isa = PBXGroup;
			children = (
				54338E111B1B736C009EAE17 /* Oswald-Light.ttf */,
				54338E141B1B736C009EAE17 /* Oxygen-Light.ttf */,
				54338E211B1B73E3009EAE17 /* Merriweather-Light.ttf */,
				54338E2D1B1B73F7009EAE17 /* RobotoSlab-Light.ttf */,
				54338E351B1B75D4009EAE17 /* fonts.plist */,
			);
			name = Fonts;
			sourceTree = "<group>";
		};
		54338E3D1B1C1F76009EAE17 /* Reader */ = {
			isa = PBXGroup;
			children = (
				54B1DD321B1A427800BF74E4 /* ReaderView.swift */,
				54338E031B1B3D81009EAE17 /* ReaderPresenter.swift */,
				54338E391B1B7B3D009EAE17 /* ReaderInteractor.swift */,
			);
			name = Reader;
			sourceTree = "<group>";
		};
		54B1DD041B192CE900BF74E4 = {
			isa = PBXGroup;
			children = (
				54B1DD0F1B192CEA00BF74E4 /* BahaiReadings */,
				54B1DD251B192CEA00BF74E4 /* BahaiReadingsTests */,
				54B1DD0E1B192CEA00BF74E4 /* Products */,
			);
			sourceTree = "<group>";
		};
		54B1DD0E1B192CEA00BF74E4 /* Products */ = {
			isa = PBXGroup;
			children = (
				54B1DD0D1B192CEA00BF74E4 /* BahaiReadings.app */,
				54B1DD221B192CEA00BF74E4 /* BahaiReadingsTests.xctest */,
			);
			name = Products;
			sourceTree = "<group>";
		};
		54B1DD0F1B192CEA00BF74E4 /* BahaiReadings */ = {
			isa = PBXGroup;
			children = (
				54B1DD121B192CEA00BF74E4 /* AppDelegate.swift */,
				54B1DD141B192CEA00BF74E4 /* ViewController.swift */,
				54B1DD161B192CEA00BF74E4 /* Main.storyboard */,
				54338E3E1B1C1FA1009EAE17 /* ReminderView.swift */,
				54338E3D1B1C1F76009EAE17 /* Reader */,
				54338E3B1B1B7B4C009EAE17 /* DataManager.swift */,
				54B1DD191B192CEA00BF74E4 /* Images.xcassets */,
				54B1DD1B1B192CEA00BF74E4 /* LaunchScreen.xib */,
				54338E341B1B7402009EAE17 /* Fonts */,
				54338E021B1B3D68009EAE17 /* Images */,
				54B1DD101B192CEA00BF74E4 /* Supporting Files */,
			);
			path = BahaiReadings;
			sourceTree = "<group>";
		};
		54B1DD101B192CEA00BF74E4 /* Supporting Files */ = {
			isa = PBXGroup;
			children = (
				54338E871B1F21D6009EAE17 /* CloudKit.framework */,
				54338E861B1E5AB8009EAE17 /* BahaiReadings.entitlements */,
				54338E371B1B79D3009EAE17 /* Reader Specifications */,
				54B1DD111B192CEA00BF74E4 /* Info.plist */,
			);
			name = "Supporting Files";
			sourceTree = "<group>";
		};
		54B1DD251B192CEA00BF74E4 /* BahaiReadingsTests */ = {
			isa = PBXGroup;
			children = (
				54B1DD281B192CEA00BF74E4 /* BahaiReadingsTests.swift */,
				54B1DD261B192CEA00BF74E4 /* Supporting Files */,
			);
			path = BahaiReadingsTests;
			sourceTree = "<group>";
		};
		54B1DD261B192CEA00BF74E4 /* Supporting Files */ = {
			isa = PBXGroup;
			children = (
				54B1DD271B192CEA00BF74E4 /* Info.plist */,
			);
			name = "Supporting Files";
			sourceTree = "<group>";
		};
/* End PBXGroup section */

/* Begin PBXNativeTarget section */
		54B1DD0C1B192CE900BF74E4 /* BahaiReadings */ = {
			isa = PBXNativeTarget;
			buildConfigurationList = 54B1DD2C1B192CEA00BF74E4 /* Build configuration list for PBXNativeTarget "BahaiReadings" */;
			buildPhases = (
				54B1DD091B192CE900BF74E4 /* Sources */,
				54B1DD0A1B192CE900BF74E4 /* Frameworks */,
				54B1DD0B1B192CE900BF74E4 /* Resources */,
			);
			buildRules = (
			);
			dependencies = (
			);
			name = BahaiReadings;
			productName = BahaiReadings;
			productReference = 54B1DD0D1B192CEA00BF74E4 /* BahaiReadings.app */;
			productType = "com.apple.product-type.application";
		};
		54B1DD211B192CEA00BF74E4 /* BahaiReadingsTests */ = {
			isa = PBXNativeTarget;
			buildConfigurationList = 54B1DD2F1B192CEA00BF74E4 /* Build configuration list for PBXNativeTarget "BahaiReadingsTests" */;
			buildPhases = (
				54B1DD1E1B192CEA00BF74E4 /* Sources */,
				54B1DD1F1B192CEA00BF74E4 /* Frameworks */,
				54B1DD201B192CEA00BF74E4 /* Resources */,
			);
			buildRules = (
			);
			dependencies = (
				54B1DD241B192CEA00BF74E4 /* PBXTargetDependency */,
			);
			name = BahaiReadingsTests;
			productName = BahaiReadingsTests;
			productReference = 54B1DD221B192CEA00BF74E4 /* BahaiReadingsTests.xctest */;
			productType = "com.apple.product-type.bundle.unit-test";
		};
/* End PBXNativeTarget section */

/* Begin PBXProject section */
		54B1DD051B192CE900BF74E4 /* Project object */ = {
			isa = PBXProject;
			attributes = {
				LastUpgradeCheck = 0630;
				ORGANIZATIONNAME = "Karr Winn Labs";
				TargetAttributes = {
					54B1DD0C1B192CE900BF74E4 = {
						CreatedOnToolsVersion = 6.3.1;
						DevelopmentTeam = CUYMUDSGA4;
						SystemCapabilities = {
							com.apple.iCloud = {
								enabled = 1;
							};
						};
					};
					54B1DD211B192CEA00BF74E4 = {
						CreatedOnToolsVersion = 6.3.1;
						TestTargetID = 54B1DD0C1B192CE900BF74E4;
					};
				};
			};
			buildConfigurationList = 54B1DD081B192CE900BF74E4 /* Build configuration list for PBXProject "BahaiReadings" */;
			compatibilityVersion = "Xcode 3.2";
			developmentRegion = English;
			hasScannedForEncodings = 0;
			knownRegions = (
				en,
				Base,
			);
			mainGroup = 54B1DD041B192CE900BF74E4;
			productRefGroup = 54B1DD0E1B192CEA00BF74E4 /* Products */;
			projectDirPath = "";
			projectRoot = "";
			targets = (
				54B1DD0C1B192CE900BF74E4 /* BahaiReadings */,
				54B1DD211B192CEA00BF74E4 /* BahaiReadingsTests */,
			);
		};
/* End PBXProject section */

/* Begin PBXResourcesBuildPhase section */
		54B1DD0B1B192CE900BF74E4 /* Resources */ = {
			isa = PBXResourcesBuildPhase;
			buildActionMask = 2147483647;
			files = (
				54338E7C1B1C849C009EAE17 /* Icon-Small-50.png in Resources */,
				54338E791B1C849C009EAE17 /* Icon-60.png in Resources */,
				54338E7B1B1C849C009EAE17 /* Icon-72@2x.png in Resources */,
				54338E311B1B73F7009EAE17 /* RobotoSlab-Light.ttf in Resources */,
				54338E711B1C849C009EAE17 /* Icon-40@3x.png in Resources */,
				54338E1A1B1B736C009EAE17 /* Oxygen-Light.ttf in Resources */,
				54338E751B1C849C009EAE17 /* Icon-76@2x.png in Resources */,
				54338DF71B1AF449009EAE17 /* library1.png in Resources */,
				54338E851B1E58B4009EAE17 /* closemark.png in Resources */,
				54338E761B1C849C009EAE17 /* Icon-Small.png in Resources */,
				54338DF51B1AF2CA009EAE17 /* reader3.png in Resources */,
				54338E731B1C849C009EAE17 /* Icon-60@3x.png in Resources */,
				54338E171B1B736C009EAE17 /* Oswald-Light.ttf in Resources */,
				54B1DD181B192CEA00BF74E4 /* Main.storyboard in Resources */,
				54338E361B1B75D4009EAE17 /* fonts.plist in Resources */,
				54338E011B1B18DE009EAE17 /* settings20.png in Resources */,
				54338E741B1C849C009EAE17 /* Icon-76.png in Resources */,
				54338E771B1C849C009EAE17 /* Icon-Small@2x.png in Resources */,
				54338DFB1B1AF4C5009EAE17 /* notification1.png in Resources */,
				54B1DD1D1B192CEA00BF74E4 /* LaunchScreen.xib in Resources */,
				54B1DD1A1B192CEA00BF74E4 /* Images.xcassets in Resources */,
				54338E7D1B1C849C009EAE17 /* Icon-Small-50@2x.png in Resources */,
				54338E831B1C8652009EAE17 /* bahareadersplash2.png in Resources */,
				54338E381B1B79D3009EAE17 /* Reader Specifications in Resources */,
				54338E6F1B1C849C009EAE17 /* Icon-40.png in Resources */,
				54338E291B1B73E3009EAE17 /* Merriweather-Light.ttf in Resources */,
				54338DFF1B1AF6B6009EAE17 /* about2.png in Resources */,
				54338E721B1C849C009EAE17 /* Icon-60@2x.png in Resources */,
				54338E7A1B1C849C009EAE17 /* Icon-72.png in Resources */,
				54338E781B1C849C009EAE17 /* Icon-Small@3x.png in Resources */,
				54338E701B1C849C009EAE17 /* Icon-40@2x.png in Resources */,
			);
			runOnlyForDeploymentPostprocessing = 0;
		};
		54B1DD201B192CEA00BF74E4 /* Resources */ = {
			isa = PBXResourcesBuildPhase;
			buildActionMask = 2147483647;
			files = (
			);
			runOnlyForDeploymentPostprocessing = 0;
		};
/* End PBXResourcesBuildPhase section */

/* Begin PBXSourcesBuildPhase section */
		54B1DD091B192CE900BF74E4 /* Sources */ = {
			isa = PBXSourcesBuildPhase;
			buildActionMask = 2147483647;
			files = (
				54338E3A1B1B7B3D009EAE17 /* ReaderInteractor.swift in Sources */,
				54338E3C1B1B7B4C009EAE17 /* DataManager.swift in Sources */,
				54B1DD151B192CEA00BF74E4 /* ViewController.swift in Sources */,
				54338E3F1B1C1FA1009EAE17 /* ReminderView.swift in Sources */,
				54B1DD331B1A427800BF74E4 /* ReaderView.swift in Sources */,
				54B1DD131B192CEA00BF74E4 /* AppDelegate.swift in Sources */,
				54338E041B1B3D81009EAE17 /* ReaderPresenter.swift in Sources */,
			);
			runOnlyForDeploymentPostprocessing = 0;
		};
		54B1DD1E1B192CEA00BF74E4 /* Sources */ = {
			isa = PBXSourcesBuildPhase;
			buildActionMask = 2147483647;
			files = (
				54B1DD291B192CEA00BF74E4 /* BahaiReadingsTests.swift in Sources */,
			);
			runOnlyForDeploymentPostprocessing = 0;
		};
/* End PBXSourcesBuildPhase section */

/* Begin PBXTargetDependency section */
		54B1DD241B192CEA00BF74E4 /* PBXTargetDependency */ = {
			isa = PBXTargetDependency;
			target = 54B1DD0C1B192CE900BF74E4 /* BahaiReadings */;
			targetProxy = 54B1DD231B192CEA00BF74E4 /* PBXContainerItemProxy */;
		};
/* End PBXTargetDependency section */

/* Begin PBXVariantGroup section */
		54B1DD161B192CEA00BF74E4 /* Main.storyboard */ = {
			isa = PBXVariantGroup;
			children = (
				54B1DD171B192CEA00BF74E4 /* Base */,
			);
			name = Main.storyboard;
			sourceTree = "<group>";
		};
		54B1DD1B1B192CEA00BF74E4 /* LaunchScreen.xib */ = {
			isa = PBXVariantGroup;
			children = (
				54B1DD1C1B192CEA00BF74E4 /* Base */,
			);
			name = LaunchScreen.xib;
			sourceTree = "<group>";
		};
/* End PBXVariantGroup section */

/* Begin XCBuildConfiguration section */
		54B1DD2A1B192CEA00BF74E4 /* Debug */ = {
			isa = XCBuildConfiguration;
			buildSettings = {
				ALWAYS_SEARCH_USER_PATHS = NO;
				CLANG_CXX_LANGUAGE_STANDARD = "gnu++0x";
				CLANG_CXX_LIBRARY = "libc++";
				CLANG_ENABLE_MODULES = YES;
				CLANG_ENABLE_OBJC_ARC = YES;
				CLANG_WARN_BOOL_CONVERSION = YES;
				CLANG_WARN_CONSTANT_CONVERSION = YES;
				CLANG_WARN_DIRECT_OBJC_ISA_USAGE = YES_ERROR;
				CLANG_WARN_EMPTY_BODY = YES;
				CLANG_WARN_ENUM_CONVERSION = YES;
				CLANG_WARN_INT_CONVERSION = YES;
				CLANG_WARN_OBJC_ROOT_CLASS = YES_ERROR;
				CLANG_WARN_UNREACHABLE_CODE = YES;
				CLANG_WARN__DUPLICATE_METHOD_MATCH = YES;
				"CODE_SIGN_IDENTITY[sdk=iphoneos*]" = "iPhone Developer";
				COPY_PHASE_STRIP = NO;
				DEBUG_INFORMATION_FORMAT = "dwarf-with-dsym";
				ENABLE_STRICT_OBJC_MSGSEND = YES;
				GCC_C_LANGUAGE_STANDARD = gnu99;
				GCC_DYNAMIC_NO_PIC = NO;
				GCC_NO_COMMON_BLOCKS = YES;
				GCC_OPTIMIZATION_LEVEL = 0;
				GCC_PREPROCESSOR_DEFINITIONS = (
					"DEBUG=1",
					"$(inherited)",
				);
				GCC_SYMBOLS_PRIVATE_EXTERN = NO;
				GCC_WARN_64_TO_32_BIT_CONVERSION = YES;
				GCC_WARN_ABOUT_RETURN_TYPE = YES_ERROR;
				GCC_WARN_UNDECLARED_SELECTOR = YES;
				GCC_WARN_UNINITIALIZED_AUTOS = YES_AGGRESSIVE;
				GCC_WARN_UNUSED_FUNCTION = YES;
				GCC_WARN_UNUSED_VARIABLE = YES;
				IPHONEOS_DEPLOYMENT_TARGET = 8.3;
				MTL_ENABLE_DEBUG_INFO = YES;
				ONLY_ACTIVE_ARCH = YES;
				SDKROOT = iphoneos;
				SWIFT_OPTIMIZATION_LEVEL = "-Onone";
				TARGETED_DEVICE_FAMILY = "1,2";
			};
			name = Debug;
		};
		54B1DD2B1B192CEA00BF74E4 /* Release */ = {
			isa = XCBuildConfiguration;
			buildSettings = {
				ALWAYS_SEARCH_USER_PATHS = NO;
				CLANG_CXX_LANGUAGE_STANDARD = "gnu++0x";
				CLANG_CXX_LIBRARY = "libc++";
				CLANG_ENABLE_MODULES = YES;
				CLANG_ENABLE_OBJC_ARC = YES;
				CLANG_WARN_BOOL_CONVERSION = YES;
				CLANG_WARN_CONSTANT_CONVERSION = YES;
				CLANG_WARN_DIRECT_OBJC_ISA_USAGE = YES_ERROR;
				CLANG_WARN_EMPTY_BODY = YES;
				CLANG_WARN_ENUM_CONVERSION = YES;
				CLANG_WARN_INT_CONVERSION = YES;
				CLANG_WARN_OBJC_ROOT_CLASS = YES_ERROR;
				CLANG_WARN_UNREACHABLE_CODE = YES;
				CLANG_WARN__DUPLICATE_METHOD_MATCH = YES;
				"CODE_SIGN_IDENTITY[sdk=iphoneos*]" = "iPhone Developer";
				COPY_PHASE_STRIP = NO;
				DEBUG_INFORMATION_FORMAT = "dwarf-with-dsym";
				ENABLE_NS_ASSERTIONS = NO;
				ENABLE_STRICT_OBJC_MSGSEND = YES;
				GCC_C_LANGUAGE_STANDARD = gnu99;
				GCC_NO_COMMON_BLOCKS = YES;
				GCC_WARN_64_TO_32_BIT_CONVERSION = YES;
				GCC_WARN_ABOUT_RETURN_TYPE = YES_ERROR;
				GCC_WARN_UNDECLARED_SELECTOR = YES;
				GCC_WARN_UNINITIALIZED_AUTOS = YES_AGGRESSIVE;
				GCC_WARN_UNUSED_FUNCTION = YES;
				GCC_WARN_UNUSED_VARIABLE = YES;
				IPHONEOS_DEPLOYMENT_TARGET = 8.3;
				MTL_ENABLE_DEBUG_INFO = NO;
				SDKROOT = iphoneos;
				TARGETED_DEVICE_FAMILY = "1,2";
				VALIDATE_PRODUCT = YES;
			};
			name = Release;
		};
		54B1DD2D1B192CEA00BF74E4 /* Debug */ = {
			isa = XCBuildConfiguration;
			buildSettings = {
				ASSETCATALOG_COMPILER_APPICON_NAME = AppIcon;
				CODE_SIGN_ENTITLEMENTS = BahaiReadings/BahaiReadings.entitlements;
				CODE_SIGN_IDENTITY = "iPhone Developer";
				"CODE_SIGN_IDENTITY[sdk=iphoneos*]" = "iPhone Developer";
				INFOPLIST_FILE = BahaiReadings/Info.plist;
				LD_RUNPATH_SEARCH_PATHS = "$(inherited) @executable_path/Frameworks";
				PRODUCT_NAME = "$(TARGET_NAME)";
				PROVISIONING_PROFILE = "";
			};
			name = Debug;
		};
		54B1DD2E1B192CEA00BF74E4 /* Release */ = {
			isa = XCBuildConfiguration;
			buildSettings = {
				ASSETCATALOG_COMPILER_APPICON_NAME = AppIcon;
				CODE_SIGN_ENTITLEMENTS = BahaiReadings/BahaiReadings.entitlements;
				CODE_SIGN_IDENTITY = "iPhone Developer";
				"CODE_SIGN_IDENTITY[sdk=iphoneos*]" = "iPhone Developer";
				INFOPLIST_FILE = BahaiReadings/Info.plist;
				LD_RUNPATH_SEARCH_PATHS = "$(inherited) @executable_path/Frameworks";
				PRODUCT_NAME = "$(TARGET_NAME)";
				PROVISIONING_PROFILE = "";
			};
			name = Release;
		};
		54B1DD301B192CEA00BF74E4 /* Debug */ = {
			isa = XCBuildConfiguration;
			buildSettings = {
				BUNDLE_LOADER = "$(TEST_HOST)";
				FRAMEWORK_SEARCH_PATHS = (
					"$(SDKROOT)/Developer/Library/Frameworks",
					"$(inherited)",
				);
				GCC_PREPROCESSOR_DEFINITIONS = (
					"DEBUG=1",
					"$(inherited)",
				);
				INFOPLIST_FILE = BahaiReadingsTests/Info.plist;
				LD_RUNPATH_SEARCH_PATHS = "$(inherited) @executable_path/Frameworks @loader_path/Frameworks";
				PRODUCT_NAME = "$(TARGET_NAME)";
				TEST_HOST = "$(BUILT_PRODUCTS_DIR)/BahaiReadings.app/BahaiReadings";
			};
			name = Debug;
		};
		54B1DD311B192CEA00BF74E4 /* Release */ = {
			isa = XCBuildConfiguration;
			buildSettings = {
				BUNDLE_LOADER = "$(TEST_HOST)";
				FRAMEWORK_SEARCH_PATHS = (
					"$(SDKROOT)/Developer/Library/Frameworks",
					"$(inherited)",
				);
				INFOPLIST_FILE = BahaiReadingsTests/Info.plist;
				LD_RUNPATH_SEARCH_PATHS = "$(inherited) @executable_path/Frameworks @loader_path/Frameworks";
				PRODUCT_NAME = "$(TARGET_NAME)";
				TEST_HOST = "$(BUILT_PRODUCTS_DIR)/BahaiReadings.app/BahaiReadings";
			};
			name = Release;
		};
/* End XCBuildConfiguration section */

/* Begin XCConfigurationList section */
		54B1DD081B192CE900BF74E4 /* Build configuration list for PBXProject "BahaiReadings" */ = {
			isa = XCConfigurationList;
			buildConfigurations = (
				54B1DD2A1B192CEA00BF74E4 /* Debug */,
				54B1DD2B1B192CEA00BF74E4 /* Release */,
			);
			defaultConfigurationIsVisible = 0;
			defaultConfigurationName = Release;
		};
		54B1DD2C1B192CEA00BF74E4 /* Build configuration list for PBXNativeTarget "BahaiReadings" */ = {
			isa = XCConfigurationList;
			buildConfigurations = (
				54B1DD2D1B192CEA00BF74E4 /* Debug */,
				54B1DD2E1B192CEA00BF74E4 /* Release */,
			);
			defaultConfigurationIsVisible = 0;
			defaultConfigurationName = Release;
		};
		54B1DD2F1B192CEA00BF74E4 /* Build configuration list for PBXNativeTarget "BahaiReadingsTests" */ = {
			isa = XCConfigurationList;
			buildConfigurations = (
				54B1DD301B192CEA00BF74E4 /* Debug */,
				54B1DD311B192CEA00BF74E4 /* Release */,
			);
			defaultConfigurationIsVisible = 0;
			defaultConfigurationName = Release;
		};
/* End XCConfigurationList section */
	};
	rootObject = 54B1DD051B192CE900BF74E4 /* Project object */;
}
